<?xml version="1.0" encoding="utf-8"?>
<Project ToolsVersion="4.0" xmlns="http://schemas.microsoft.com/developer/msbuild/2003">
  <ItemGroup>
    <Filter Include="Source Files">
      <UniqueIdentifier>{4FC737F1-C7A5-4376-A066-2A32D752A2FF}</UniqueIdentifier>
      <Extensions>cpp;c;cc;cxx;def;odl;idl;hpj;bat;asm;asmx</Extensions>
    </Filter>
    <Filter Include="Header Files">
      <UniqueIdentifier>{93995380-89BD-4b04-88EB-625FBE52EBFB}</UniqueIdentifier>
      <Extensions>h;hh;hpp;hxx;hm;inl;inc;xsd</Extensions>
    </Filter>
    <Filter Include="Resource Files">
      <UniqueIdentifier>{67DA6AB6-F800-4c08-8B7A-83BB121AAD01}</UniqueIdentifier>
      <Extensions>rc;ico;cur;bmp;dlg;rc2;rct;bin;rgs;gif;jpg;jpeg;jpe;resx;tiff;tif;png;wav;mfcribbon-ms</Extensions>
    </Filter>
    <Filter Include="Source Files\DroppableObjects">
      <UniqueIdentifier>{72207ccd-6b7f-4b6b-97a7-492b3ad7fa8f}</UniqueIdentifier>
    </Filter>
    <Filter Include="Header Files\DroppableObjects">
      <UniqueIdentifier>{4447b91c-a7ad-4928-8d98-b109c9260dbc}</UniqueIdentifier>
    </Filter>
    <Filter Include="Source Files\States">
      <UniqueIdentifier>{dfd0de05-3b43-45c5-9681-bd9108790800}</UniqueIdentifier>
    </Filter>
    <Filter Include="Header Files\States">
      <UniqueIdentifier>{52b4d17f-db85-4b62-8c98-2bf641b13caf}</UniqueIdentifier>
    </Filter>
  </ItemGroup>
  <ItemGroup>
    <ClCompile Include="main.cpp">
      <Filter>Source Files</Filter>
    </ClCompile>
    <ClCompile Include="Player.cpp">
      <Filter>Source Files</Filter>
    </ClCompile>
    <ClCompile Include="Game.cpp">
      <Filter>Source Files</Filter>
    </ClCompile>
    <ClCompile Include="EnemyBase.cpp">
      <Filter>Source Files</Filter>
    </ClCompile>
    <ClCompile Include="Helper.cpp">
      <Filter>Source Files</Filter>
    </ClCompile>
    <ClCompile Include="Bullet.cpp">
      <Filter>Source Files</Filter>
    </ClCompile>
    <ClCompile Include="Rifle.cpp">
      <Filter>Source Files</Filter>
    </ClCompile>
    <ClCompile Include="Weapon.cpp">
      <Filter>Source Files</Filter>
    </ClCompile>
    <ClCompile Include="Level.cpp">
      <Filter>Source Files</Filter>
    </ClCompile>
    <ClCompile Include="Handgun.cpp">
      <Filter>Source Files</Filter>
    </ClCompile>
    <ClCompile Include="Shotgun.cpp">
      <Filter>Source Files</Filter>
    </ClCompile>
    <ClCompile Include="AIDefault.cpp">
      <Filter>Source Files</Filter>
    </ClCompile>
    <ClCompile Include="AIBat.cpp">
      <Filter>Source Files</Filter>
    </ClCompile>
    <ClCompile Include="WaveController.cpp">
      <Filter>Source Files</Filter>
    </ClCompile>
    <ClCompile Include="Wave.cpp">
      <Filter>Source Files</Filter>
    </ClCompile>
    <ClCompile Include="Explosion.cpp">
      <Filter>Source Files</Filter>
    </ClCompile>
    <ClCompile Include="ExplosionFactory.cpp">
      <Filter>Source Files</Filter>
    </ClCompile>
    <ClCompile Include="Hud.cpp">
      <Filter>Source Files</Filter>
    </ClCompile>
    <ClCompile Include="powerups\DropableFactory.cpp">
      <Filter>Source Files\DroppableObjects</Filter>
    </ClCompile>
    <ClCompile Include="powerups\DropableObject.cpp">
      <Filter>Source Files\DroppableObjects</Filter>
    </ClCompile>
    <ClCompile Include="powerups\PowerupFastShot.cpp">
      <Filter>Source Files\DroppableObjects</Filter>
    </ClCompile>
    <ClCompile Include="powerups\PowerupHP.cpp">
      <Filter>Source Files\DroppableObjects</Filter>
    </ClCompile>
    <ClCompile Include="powerups\PowerupMode.cpp">
      <Filter>Source Files\DroppableObjects</Filter>
    </ClCompile>
    <ClCompile Include="powerups\PowerupModeFastShot.cpp">
      <Filter>Source Files\DroppableObjects</Filter>
    </ClCompile>
    <ClCompile Include="CreditsState.cpp">
      <Filter>Source Files\States</Filter>
    </ClCompile>
    <ClCompile Include="InstructionsState.cpp">
      <Filter>Source Files\States</Filter>
    </ClCompile>
    <ClCompile Include="PlayingState.cpp">
      <Filter>Source Files\States</Filter>
    </ClCompile>
    <ClCompile Include="PausedState.cpp">
      <Filter>Source Files\States</Filter>
    </ClCompile>
    <ClCompile Include="MenuState.cpp">
      <Filter>Source Files\States</Filter>
    </ClCompile>
    <ClCompile Include="StateGameOver.cpp">
      <Filter>Source Files\States</Filter>
    </ClCompile>
    <ClCompile Include="HighscoreState.cpp">
      <Filter>Source Files</Filter>
    </ClCompile>
  </ItemGroup>
  <ItemGroup>
    <ClInclude Include="headers\Player.h">
      <Filter>Header Files</Filter>
    </ClInclude>
    <ClInclude Include="Game.h">
      <Filter>Header Files</Filter>
    </ClInclude>
    <ClInclude Include="State.h">
      <Filter>Header Files</Filter>
    </ClInclude>
    <ClInclude Include="headers\EnemyBase.h">
      <Filter>Header Files</Filter>
    </ClInclude>
    <ClInclude Include="headers\Helper.h">
      <Filter>Header Files</Filter>
    </ClInclude>
    <ClInclude Include="headers\Bullet.h">
      <Filter>Header Files</Filter>
    </ClInclude>
    <ClInclude Include="headers\Rifle.h">
      <Filter>Header Files</Filter>
    </ClInclude>
    <ClInclude Include="headers\Weapon.h">
      <Filter>Header Files</Filter>
    </ClInclude>
    <ClInclude Include="Config.h">
      <Filter>Header Files</Filter>
    </ClInclude>
    <ClInclude Include="Level.h">
      <Filter>Header Files</Filter>
    </ClInclude>
    <ClInclude Include="Shotgun.h">
      <Filter>Header Files</Filter>
    </ClInclude>
    <ClInclude Include="Handgun.h">
      <Filter>Header Files</Filter>
    </ClInclude>
    <ClInclude Include="IAIBase.h">
      <Filter>Header Files</Filter>
    </ClInclude>
    <ClInclude Include="AIDefault.h">
      <Filter>Header Files</Filter>
    </ClInclude>
    <ClInclude Include="FactoryBehaviour.h">
      <Filter>Header Files</Filter>
    </ClInclude>
    <ClInclude Include="AIBat.h">
      <Filter>Header Files</Filter>
    </ClInclude>
    <ClInclude Include="WaveController.h">
      <Filter>Header Files</Filter>
    </ClInclude>
    <ClInclude Include="Wave.h">
      <Filter>Header Files</Filter>
    </ClInclude>
    <ClInclude Include="Explosion.h">
      <Filter>Header Files</Filter>
    </ClInclude>
    <ClInclude Include="ExplosionFactory.h">
      <Filter>Header Files</Filter>
    </ClInclude>
    <ClInclude Include="Hud.h">
      <Filter>Header Files</Filter>
    </ClInclude>
    <ClInclude Include="powerups\DropableFactory.h">
      <Filter>Header Files\DroppableObjects</Filter>
    </ClInclude>
    <ClInclude Include="powerups\DropableObject.h">
      <Filter>Header Files\DroppableObjects</Filter>
    </ClInclude>
    <ClInclude Include="powerups\PowerupFastShot.h">
      <Filter>Header Files\DroppableObjects</Filter>
    </ClInclude>
    <ClInclude Include="powerups\PowerupHP.h">
      <Filter>Header Files\DroppableObjects</Filter>
    </ClInclude>
    <ClInclude Include="powerups\PowerupMode.h">
      <Filter>Header Files\DroppableObjects</Filter>
    </ClInclude>
    <ClInclude Include="powerups\PowerupModeFastShot.h">
      <Filter>Header Files\DroppableObjects</Filter>
    </ClInclude>
    <ClInclude Include="PausedState.h">
      <Filter>Header Files\States</Filter>
    </ClInclude>
    <ClInclude Include="PlayingState.h">
      <Filter>Header Files\States</Filter>
    </ClInclude>
    <ClInclude Include="MenuState.h">
      <Filter>Header Files\States</Filter>
    </ClInclude>
    <ClInclude Include="InstructionsState.h">
      <Filter>Header Files\States</Filter>
    </ClInclude>
    <ClInclude Include="CreditsState.h">
      <Filter>Header Files\States</Filter>
    </ClInclude>
    <ClInclude Include="StateGameOver.h">
      <Filter>Header Files\States</Filter>
    </ClInclude>
    <ClInclude Include="HighscoreState.h">
      <Filter>Header Files</Filter>
    </ClInclude>
  </ItemGroup>
</Project>